
Microsoft Visual Studio Solution File, Format Version 12.00
# Visual Studio Version 17
VisualStudioVersion = 17.10.34928.147
MinimumVisualStudioVersion = 10.0.40219.1
Project("{FAE04EC0-301F-11D3-BF4B-00C04F79EFBC}") = "Pizzahut-Management-System", "Pizzahut-Management-System.csproj", "{29424F3B-1F6A-4A83-9577-265A8215DE94}"
EndProject
Global
	GlobalSection(SolutionConfigurationPlatforms) = preSolution
		Debug|Any CPU = Debug|Any CPU
		Release|Any CPU = Release|Any CPU
	EndGlobalSection
	GlobalSection(ProjectConfigurationPlatforms) = postSolution
		{29424F3B-1F6A-4A83-9577-265A8215DE94}.Debug|Any CPU.ActiveCfg = Debug|Any CPU
		{29424F3B-1F6A-4A83-9577-265A8215DE94}.Debug|Any CPU.Build.0 = Debug|Any CPU
		{29424F3B-1F6A-4A83-9577-265A8215DE94}.Release|Any CPU.ActiveCfg = Release|Any CPU
		{29424F3B-1F6A-4A83-9577-265A8215DE94}.Release|Any CPU.Build.0 = Release|Any CPU
	EndGlobalSection
	GlobalSection(SolutionProperties) = preSolution
		HideSolutionNode = FALSE
	EndGlobalSection
	GlobalSection(ExtensibilityGlobals) = postSolution
		SolutionGuid = {CABE5249-E1C4-4D10-A6FD-D2091FE541D4}
	EndGlobalSection
EndGlobal
